// !$*UTF8*$!
{
	archiveVersion = 1;
	classes = {
	};
	objectVersion = 50;
	objects = {

/* Begin PBXBuildFile section */
		185CA6B22416E5B4008A7356 /* main.swift in Sources */ = {isa = PBXBuildFile; fileRef = 185CA6B12416E5B4008A7356 /* main.swift */; };
		185CA6B92416E7FC008A7356 /* QuestionBank.swift in Sources */ = {isa = PBXBuildFile; fileRef = 185CA6B82416E7FC008A7356 /* QuestionBank.swift */; };
		18BBD44D241D28B50003136C /* Easy_Question_array.swift in Sources */ = {isa = PBXBuildFile; fileRef = 18BBD44C241D28B50003136C /* Easy_Question_array.swift */; };
		18BBD450241D3EFE0003136C /* Lifeline.swift in Sources */ = {isa = PBXBuildFile; fileRef = 18BBD44F241D3EFE0003136C /* Lifeline.swift */; };
		18BBD45224200F0A0003136C /* Hard_Question_array.swift in Sources */ = {isa = PBXBuildFile; fileRef = 18BBD45124200F0A0003136C /* Hard_Question_array.swift */; };
		18BBD454242010140003136C /* HardQuestionOption.swift in Sources */ = {isa = PBXBuildFile; fileRef = 18BBD453242010140003136C /* HardQuestionOption.swift */; };
/* End PBXBuildFile section */

/* Begin PBXCopyFilesBuildPhase section */
		185CA6AC2416E5B4008A7356 /* CopyFiles */ = {
			isa = PBXCopyFilesBuildPhase;
			buildActionMask = 2147483647;
			dstPath = /usr/share/man/man1/;
			dstSubfolderSpec = 0;
			files = (
			);
			runOnlyForDeploymentPostprocessing = 1;
		};
/* End PBXCopyFilesBuildPhase section */

/* Begin PBXFileReference section */
		185CA6AE2416E5B4008A7356 /* WhoWin */ = {isa = PBXFileReference; explicitFileType = "compiled.mach-o.executable"; includeInIndex = 0; path = WhoWin; sourceTree = BUILT_PRODUCTS_DIR; };
		185CA6B12416E5B4008A7356 /* main.swift */ = {isa = PBXFileReference; lastKnownFileType = sourcecode.swift; path = main.swift; sourceTree = "<group>"; };
		185CA6B82416E7FC008A7356 /* QuestionBank.swift */ = {isa = PBXFileReference; lastKnownFileType = sourcecode.swift; path = QuestionBank.swift; sourceTree = "<group>"; };
		18BBD44C241D28B50003136C /* Easy_Question_array.swift */ = {isa = PBXFileReference; lastKnownFileType = sourcecode.swift; path = Easy_Question_array.swift; sourceTree = "<group>"; };
		18BBD44F241D3EFE0003136C /* Lifeline.swift */ = {isa = PBXFileReference; lastKnownFileType = sourcecode.swift; path = Lifeline.swift; sourceTree = "<group>"; };
		18BBD45124200F0A0003136C /* Hard_Question_array.swift */ = {isa = PBXFileReference; lastKnownFileType = sourcecode.swift; path = Hard_Question_array.swift; sourceTree = "<group>"; };
		18BBD453242010140003136C /* HardQuestionOption.swift */ = {isa = PBXFileReference; lastKnownFileType = sourcecode.swift; path = HardQuestionOption.swift; sourceTree = "<group>"; };
/* End PBXFileReference section */

/* Begin PBXFrameworksBuildPhase section */
		185CA6AB2416E5B4008A7356 /* Frameworks */ = {
			isa = PBXFrameworksBuildPhase;
			buildActionMask = 2147483647;
			files = (
			);
			runOnlyForDeploymentPostprocessing = 0;
		};
/* End PBXFrameworksBuildPhase section */

/* Begin PBXGroup section */
		182F3B8C25CF1B1D000218B9 /* Resources */ = {
			isa = PBXGroup;
			children = (
				18BBD44C241D28B50003136C /* Easy_Question_array.swift */,
				18BBD45124200F0A0003136C /* Hard_Question_array.swift */,
			);
			path = Resources;
			sourceTree = "<group>";
		};
		182F3B8F25CF1B39000218B9 /* Model */ = {
			isa = PBXGroup;
			children = (
				18BBD453242010140003136C /* HardQuestionOption.swift */,
				185CA6B82416E7FC008A7356 /* QuestionBank.swift */,
			);
			path = Model;
			sourceTree = "<group>";
		};
		182F3B9025CF1B71000218B9 /* Controler */ = {
			isa = PBXGroup;
			children = (
				185CA6B12416E5B4008A7356 /* main.swift */,
				18BBD44F241D3EFE0003136C /* Lifeline.swift */,
			);
			path = Controler;
			sourceTree = "<group>";
		};
		185CA6A52416E5B4008A7356 = {
			isa = PBXGroup;
			children = (
				185CA6B02416E5B4008A7356 /* WhoWin */,
				185CA6AF2416E5B4008A7356 /* Products */,
			);
			sourceTree = "<group>";
		};
		185CA6AF2416E5B4008A7356 /* Products */ = {
			isa = PBXGroup;
			children = (
				185CA6AE2416E5B4008A7356 /* WhoWin */,
			);
			name = Products;
			sourceTree = "<group>";
		};
		185CA6B02416E5B4008A7356 /* WhoWin */ = {
			isa = PBXGroup;
			children = (
				182F3B9025CF1B71000218B9 /* Controler */,
				182F3B8F25CF1B39000218B9 /* Model */,
				182F3B8C25CF1B1D000218B9 /* Resources */,
			);
			path = WhoWin;
			sourceTree = "<group>";
		};
/* End PBXGroup section */

/* Begin PBXNativeTarget section */
		185CA6AD2416E5B4008A7356 /* WhoWin */ = {
			isa = PBXNativeTarget;
			buildConfigurationList = 185CA6B52416E5B4008A7356 /* Build configuration list for PBXNativeTarget "WhoWin" */;
			buildPhases = (
				185CA6AA2416E5B4008A7356 /* Sources */,
				185CA6AB2416E5B4008A7356 /* Frameworks */,
				185CA6AC2416E5B4008A7356 /* CopyFiles */,
			);
			buildRules = (
			);
			dependencies = (
			);
			name = WhoWin;
			productName = WhoWin;
			productReference = 185CA6AE2416E5B4008A7356 /* WhoWin */;
			productType = "com.apple.product-type.tool";
		};
/* End PBXNativeTarget section */

/* Begin PBXProject section */
		185CA6A62416E5B4008A7356 /* Project object */ = {
			isa = PBXProject;
			attributes = {
				LastSwiftUpdateCheck = 1020;
				LastUpgradeCheck = 1020;
				ORGANIZATIONNAME = apple;
				TargetAttributes = {
					185CA6AD2416E5B4008A7356 = {
						CreatedOnToolsVersion = 10.2;
					};
				};
			};
			buildConfigurationList = 185CA6A92416E5B4008A7356 /* Build configuration list for PBXProject "WhoWin" */;
			compatibilityVersion = "Xcode 9.3";
			developmentRegion = en;
			hasScannedForEncodings = 0;
			knownRegions = (
				en,
			);
			mainGroup = 185CA6A52416E5B4008A7356;
			productRefGroup = 185CA6AF2416E5B4008A7356 /* Products */;
			projectDirPath = "";
			projectRoot = "";
			targets = (
				185CA6AD2416E5B4008A7356 /* WhoWin */,
			);
		};
/* End PBXProject section */

/* Begin PBXSourcesBuildPhase section */
		185CA6AA2416E5B4008A7356 /* Sources */ = {
			isa = PBXSourcesBuildPhase;
			buildActionMask = 2147483647;
			files = (
				18BBD45224200F0A0003136C /* Hard_Question_array.swift in Sources */,
				18BBD454242010140003136C /* HardQuestionOption.swift in Sources */,
				18BBD44D241D28B50003136C /* Easy_Question_array.swift in Sources */,
				18BBD450241D3EFE0003136C /* Lifeline.swift in Sources */,
				185CA6B22416E5B4008A7356 /* main.swift in Sources */,
				185CA6B92416E7FC008A7356 /* QuestionBank.swift in Sources */,
			);
			runOnlyForDeploymentPostprocessing = 0;
		};
/* End PBXSourcesBuildPhase section */

/* Begin XCBuildConfiguration section */
		185CA6B32416E5B4008A7356 /* Debug */ = {
			isa = XCBuildConfiguration;
			buildSettings = {
				ALWAYS_SEARCH_USER_PATHS = NO;
				CLANG_ANALYZER_NONNULL = YES;
				CLANG_ANALYZER_NUMBER_OBJECT_CONVERSION = YES_AGGRESSIVE;
				CLANG_CXX_LANGUAGE_STANDARD = "gnu++14";
				CLANG_CXX_LIBRARY = "libc++";
				CLANG_ENABLE_MODULES = YES;
				CLANG_ENABLE_OBJC_ARC = YES;
				CLANG_ENABLE_OBJC_WEAK = YES;
				CLANG_WARN_BLOCK_CAPTURE_AUTORELEASING = YES;
				CLANG_WARN_BOOL_CONVERSION = YES;
				CLANG_WARN_COMMA = YES;
				CLANG_WARN_CONSTANT_CONVERSION = YES;
				CLANG_WARN_DEPRECATED_OBJC_IMPLEMENTATIONS = YES;
				CLANG_WARN_DIRECT_OBJC_ISA_USAGE = YES_ERROR;
				CLANG_WARN_DOCUMENTATION_COMMENTS = YES;
				CLANG_WARN_EMPTY_BODY = YES;
				CLANG_WARN_ENUM_CONVERSION = YES;
				CLANG_WARN_INFINITE_RECURSION = YES;
				CLANG_WARN_INT_CONVERSION = YES;
				CLANG_WARN_NON_LITERAL_NULL_CONVERSION = YES;
				CLANG_WARN_OBJC_IMPLICIT_RETAIN_SELF = YES;
				CLANG_WARN_OBJC_LITERAL_CONVERSION = YES;
				CLANG_WARN_OBJC_ROOT_CLASS = YES_ERROR;
				CLANG_WARN_RANGE_LOOP_ANALYSIS = YES;
				CLANG_WARN_STRICT_PROTOTYPES = YES;
				CLANG_WARN_SUSPICIOUS_MOVE = YES;
				CLANG_WARN_UNGUARDED_AVAILABILITY = YES_AGGRESSIVE;
				CLANG_WARN_UNREACHABLE_CODE = YES;
				CLANG_WARN__DUPLICATE_METHOD_MATCH = YES;
				CODE_SIGN_IDENTITY = "-";
				COPY_PHASE_STRIP = NO;
				DEBUG_INFORMATION_FORMAT = dwarf;
				ENABLE_STRICT_OBJC_MSGSEND = YES;
				ENABLE_TESTABILITY = YES;
				GCC_C_LANGUAGE_STANDARD = gnu11;
				GCC_DYNAMIC_NO_PIC = NO;
				GCC_NO_COMMON_BLOCKS = YES;
				GCC_OPTIMIZATION_LEVEL = 0;
				GCC_PREPROCESSOR_DEFINITIONS = (
					"DEBUG=1",
					"$(inherited)",
				);
				GCC_WARN_64_TO_32_BIT_CONVERSION = YES;
				GCC_WARN_ABOUT_RETURN_TYPE = YES_ERROR;
				GCC_WARN_UNDECLARED_SELECTOR = YES;
				GCC_WARN_UNINITIALIZED_AUTOS = YES_AGGRESSIVE;
				GCC_WARN_UNUSED_FUNCTION = YES;
				GCC_WARN_UNUSED_VARIABLE = YES;
				MACOSX_DEPLOYMENT_TARGET = 10.15;
				MTL_ENABLE_DEBUG_INFO = INCLUDE_SOURCE;
				MTL_FAST_MATH = YES;
				ONLY_ACTIVE_ARCH = YES;
				SDKROOT = macosx;
				SWIFT_ACTIVE_COMPILATION_CONDITIONS = DEBUG;
				SWIFT_OPTIMIZATION_LEVEL = "-Onone";
			};
			name = Debug;
		};
		185CA6B42416E5B4008A7356 /* Release */ = {
			isa = XCBuildConfiguration;
			buildSettings = {
				ALWAYS_SEARCH_USER_PATHS = NO;
				CLANG_ANALYZER_NONNULL = YES;
				CLANG_ANALYZER_NUMBER_OBJECT_CONVERSION = YES_AGGRESSIVE;
				CLANG_CXX_LANGUAGE_STANDARD = "gnu++14";
				CLANG_CXX_LIBRARY = "libc++";
				CLANG_ENABLE_MODULES = YES;
				CLANG_ENABLE_OBJC_ARC = YES;
				CLANG_ENABLE_OBJC_WEAK = YES;
				CLANG_WARN_BLOCK_CAPTURE_AUTORELEASING = YES;
				CLANG_WARN_BOOL_CONVERSION = YES;
				CLANG_WARN_COMMA = YES;
				CLANG_WARN_CONSTANT_CONVERSION = YES;
				CLANG_WARN_DEPRECATED_OBJC_IMPLEMENTATIONS = YES;
				CLANG_WARN_DIRECT_OBJC_ISA_USAGE = YES_ERROR;
				CLANG_WARN_DOCUMENTATION_COMMENTS = YES;
				CLANG_WARN_EMPTY_BODY = YES;
				CLANG_WARN_ENUM_CONVERSION = YES;
				CLANG_WARN_INFINITE_RECURSION = YES;
				CLANG_WARN_INT_CONVERSION = YES;
				CLANG_WARN_NON_LITERAL_NULL_CONVERSION = YES;
				CLANG_WARN_OBJC_IMPLICIT_RETAIN_SELF = YES;
				CLANG_WARN_OBJC_LITERAL_CONVERSION = YES;
				CLANG_WARN_OBJC_ROOT_CLASS = YES_ERROR;
				CLANG_WARN_RANGE_LOOP_ANALYSIS = YES;
				CLANG_WARN_STRICT_PROTOTYPES = YES;
				CLANG_WARN_SUSPICIOUS_MOVE = YES;
				CLANG_WARN_UNGUARDED_AVAILABILITY = YES_AGGRESSIVE;
				CLANG_WARN_UNREACHABLE_CODE = YES;
				CLANG_WARN__DUPLICATE_METHOD_MATCH = YES;
				CODE_SIGN_IDENTITY = "-";
				COPY_PHASE_STRIP = NO;
				DEBUG_INFORMATION_FORMAT = "dwarf-with-dsym";
				ENABLE_NS_ASSERTIONS = NO;
				ENABLE_STRICT_OBJC_MSGSEND = YES;
				GCC_C_LANGUAGE_STANDARD = gnu11;
				GCC_NO_COMMON_BLOCKS = YES;
				GCC_WARN_64_TO_32_BIT_CONVERSION = YES;
				GCC_WARN_ABOUT_RETURN_TYPE = YES_ERROR;
				GCC_WARN_UNDECLARED_SELECTOR = YES;
				GCC_WARN_UNINITIALIZED_AUTOS = YES_AGGRESSIVE;
				GCC_WARN_UNUSED_FUNCTION = YES;
				GCC_WARN_UNUSED_VARIABLE = YES;
				MACOSX_DEPLOYMENT_TARGET = 10.15;
				MTL_ENABLE_DEBUG_INFO = NO;
				MTL_FAST_MATH = YES;
				SDKROOT = macosx;
				SWIFT_COMPILATION_MODE = wholemodule;
				SWIFT_OPTIMIZATION_LEVEL = "-O";
			};
			name = Release;
		};
		185CA6B62416E5B4008A7356 /* Debug */ = {
			isa = XCBuildConfiguration;
			buildSettings = {
				CODE_SIGN_STYLE = Automatic;
				PRODUCT_NAME = "$(TARGET_NAME)";
				SWIFT_VERSION = 5.0;
			};
			name = Debug;
		};
		185CA6B72416E5B4008A7356 /* Release */ = {
			isa = XCBuildConfiguration;
			buildSettings = {
				CODE_SIGN_STYLE = Automatic;
				PRODUCT_NAME = "$(TARGET_NAME)";
				SWIFT_VERSION = 5.0;
			};
			name = Release;
		};
/* End XCBuildConfiguration section */

/* Begin XCConfigurationList section */
		185CA6A92416E5B4008A7356 /* Build configuration list for PBXProject "WhoWin" */ = {
			isa = XCConfigurationList;
			buildConfigurations = (
				185CA6B32416E5B4008A7356 /* Debug */,
				185CA6B42416E5B4008A7356 /* Release */,
			);
			defaultConfigurationIsVisible = 0;
			defaultConfigurationName = Release;
		};
		185CA6B52416E5B4008A7356 /* Build configuration list for PBXNativeTarget "WhoWin" */ = {
			isa = XCConfigurationList;
			buildConfigurations = (
				185CA6B62416E5B4008A7356 /* Debug */,
				185CA6B72416E5B4008A7356 /* Release */,
			);
			defaultConfigurationIsVisible = 0;
			defaultConfigurationName = Release;
		};
/* End XCConfigurationList section */
	};
	rootObject = 185CA6A62416E5B4008A7356 /* Project object */;
}
